// !$*UTF8*$!
{
	archiveVersion = 1;
	classes = {
	};
	objectVersion = 50;
	objects = {

/* Begin PBXBuildFile section */
		67186944259DE74600328615 /* UI_92App.swift in Sources */ = {isa = PBXBuildFile; fileRef = 67186943259DE74600328615 /* UI_92App.swift */; };
		67186946259DE74600328615 /* ContentView.swift in Sources */ = {isa = PBXBuildFile; fileRef = 67186945259DE74600328615 /* ContentView.swift */; };
		67186948259DE74900328615 /* Assets.xcassets in Resources */ = {isa = PBXBuildFile; fileRef = 67186947259DE74900328615 /* Assets.xcassets */; };
		6718694B259DE74900328615 /* Preview Assets.xcassets in Resources */ = {isa = PBXBuildFile; fileRef = 6718694A259DE74900328615 /* Preview Assets.xcassets */; };
		6718694D259DE74900328615 /* Persistence.swift in Sources */ = {isa = PBXBuildFile; fileRef = 6718694C259DE74900328615 /* Persistence.swift */; };
		67186950259DE74900328615 /* UI_92.xcdatamodeld in Sources */ = {isa = PBXBuildFile; fileRef = 6718694E259DE74900328615 /* UI_92.xcdatamodeld */; };
		6718695B259DE74900328615 /* UI_92Tests.swift in Sources */ = {isa = PBXBuildFile; fileRef = 6718695A259DE74900328615 /* UI_92Tests.swift */; };
		67186966259DE74900328615 /* UI_92UITests.swift in Sources */ = {isa = PBXBuildFile; fileRef = 67186965259DE74900328615 /* UI_92UITests.swift */; };
		67186981259DE88700328615 /* Home.swift in Sources */ = {isa = PBXBuildFile; fileRef = 67186980259DE88700328615 /* Home.swift */; };
		67186989259DE8CF00328615 /* NewDataView.swift in Sources */ = {isa = PBXBuildFile; fileRef = 67186988259DE8CF00328615 /* NewDataView.swift */; };
		67186991259DEAEA00328615 /* DataButton.swift in Sources */ = {isa = PBXBuildFile; fileRef = 67186990259DEAEA00328615 /* DataButton.swift */; };
		67186999259DEE7A00328615 /* HomeViewModel.swift in Sources */ = {isa = PBXBuildFile; fileRef = 67186998259DEE7A00328615 /* HomeViewModel.swift */; };
/* End PBXBuildFile section */

/* Begin PBXContainerItemProxy section */
		67186957259DE74900328615 /* PBXContainerItemProxy */ = {
			isa = PBXContainerItemProxy;
			containerPortal = 67186938259DE74600328615 /* Project object */;
			proxyType = 1;
			remoteGlobalIDString = 6718693F259DE74600328615;
			remoteInfo = "UI-92";
		};
		67186962259DE74900328615 /* PBXContainerItemProxy */ = {
			isa = PBXContainerItemProxy;
			containerPortal = 67186938259DE74600328615 /* Project object */;
			proxyType = 1;
			remoteGlobalIDString = 6718693F259DE74600328615;
			remoteInfo = "UI-92";
		};
/* End PBXContainerItemProxy section */

/* Begin PBXFileReference section */
		67186940259DE74600328615 /* UI-92.app */ = {isa = PBXFileReference; explicitFileType = wrapper.application; includeInIndex = 0; path = "UI-92.app"; sourceTree = BUILT_PRODUCTS_DIR; };
		67186943259DE74600328615 /* UI_92App.swift */ = {isa = PBXFileReference; lastKnownFileType = sourcecode.swift; path = UI_92App.swift; sourceTree = "<group>"; };
		67186945259DE74600328615 /* ContentView.swift */ = {isa = PBXFileReference; lastKnownFileType = sourcecode.swift; path = ContentView.swift; sourceTree = "<group>"; };
		67186947259DE74900328615 /* Assets.xcassets */ = {isa = PBXFileReference; lastKnownFileType = folder.assetcatalog; path = Assets.xcassets; sourceTree = "<group>"; };
		6718694A259DE74900328615 /* Preview Assets.xcassets */ = {isa = PBXFileReference; lastKnownFileType = folder.assetcatalog; path = "Preview Assets.xcassets"; sourceTree = "<group>"; };
		6718694C259DE74900328615 /* Persistence.swift */ = {isa = PBXFileReference; lastKnownFileType = sourcecode.swift; path = Persistence.swift; sourceTree = "<group>"; };
		6718694F259DE74900328615 /* UI_92.xcdatamodel */ = {isa = PBXFileReference; lastKnownFileType = wrapper.xcdatamodel; path = UI_92.xcdatamodel; sourceTree = "<group>"; };
		67186951259DE74900328615 /* Info.plist */ = {isa = PBXFileReference; lastKnownFileType = text.plist.xml; path = Info.plist; sourceTree = "<group>"; };
		67186956259DE74900328615 /* UI-92Tests.xctest */ = {isa = PBXFileReference; explicitFileType = wrapper.cfbundle; includeInIndex = 0; path = "UI-92Tests.xctest"; sourceTree = BUILT_PRODUCTS_DIR; };
		6718695A259DE74900328615 /* UI_92Tests.swift */ = {isa = PBXFileReference; lastKnownFileType = sourcecode.swift; path = UI_92Tests.swift; sourceTree = "<group>"; };
		6718695C259DE74900328615 /* Info.plist */ = {isa = PBXFileReference; lastKnownFileType = text.plist.xml; path = Info.plist; sourceTree = "<group>"; };
		67186961259DE74900328615 /* UI-92UITests.xctest */ = {isa = PBXFileReference; explicitFileType = wrapper.cfbundle; includeInIndex = 0; path = "UI-92UITests.xctest"; sourceTree = BUILT_PRODUCTS_DIR; };
		67186965259DE74900328615 /* UI_92UITests.swift */ = {isa = PBXFileReference; lastKnownFileType = sourcecode.swift; path = UI_92UITests.swift; sourceTree = "<group>"; };
		67186967259DE74900328615 /* Info.plist */ = {isa = PBXFileReference; lastKnownFileType = text.plist.xml; path = Info.plist; sourceTree = "<group>"; };
		67186980259DE88700328615 /* Home.swift */ = {isa = PBXFileReference; lastKnownFileType = sourcecode.swift; path = Home.swift; sourceTree = "<group>"; };
		67186988259DE8CF00328615 /* NewDataView.swift */ = {isa = PBXFileReference; lastKnownFileType = sourcecode.swift; path = NewDataView.swift; sourceTree = "<group>"; };
		67186990259DEAEA00328615 /* DataButton.swift */ = {isa = PBXFileReference; lastKnownFileType = sourcecode.swift; path = DataButton.swift; sourceTree = "<group>"; };
		67186998259DEE7A00328615 /* HomeViewModel.swift */ = {isa = PBXFileReference; lastKnownFileType = sourcecode.swift; path = HomeViewModel.swift; sourceTree = "<group>"; };
/* End PBXFileReference section */

/* Begin PBXFrameworksBuildPhase section */
		6718693D259DE74600328615 /* Frameworks */ = {
			isa = PBXFrameworksBuildPhase;
			buildActionMask = 2147483647;
			files = (
			);
			runOnlyForDeploymentPostprocessing = 0;
		};
		67186953259DE74900328615 /* Frameworks */ = {
			isa = PBXFrameworksBuildPhase;
			buildActionMask = 2147483647;
			files = (
			);
			runOnlyForDeploymentPostprocessing = 0;
		};
		6718695E259DE74900328615 /* Frameworks */ = {
			isa = PBXFrameworksBuildPhase;
			buildActionMask = 2147483647;
			files = (
			);
			runOnlyForDeploymentPostprocessing = 0;
		};
/* End PBXFrameworksBuildPhase section */

/* Begin PBXGroup section */
		67186937259DE74600328615 = {
			isa = PBXGroup;
			children = (
				67186942259DE74600328615 /* UI-92 */,
				67186959259DE74900328615 /* UI-92Tests */,
				67186964259DE74900328615 /* UI-92UITests */,
				67186941259DE74600328615 /* Products */,
			);
			sourceTree = "<group>";
		};
		67186941259DE74600328615 /* Products */ = {
			isa = PBXGroup;
			children = (
				67186940259DE74600328615 /* UI-92.app */,
				67186956259DE74900328615 /* UI-92Tests.xctest */,
				67186961259DE74900328615 /* UI-92UITests.xctest */,
			);
			name = Products;
			sourceTree = "<group>";
		};
		67186942259DE74600328615 /* UI-92 */ = {
			isa = PBXGroup;
			children = (
				67186977259DE82300328615 /* Model */,
				67186976259DE81B00328615 /* View */,
				67186943259DE74600328615 /* UI_92App.swift */,
				67186945259DE74600328615 /* ContentView.swift */,
				67186947259DE74900328615 /* Assets.xcassets */,
				6718694C259DE74900328615 /* Persistence.swift */,
				67186951259DE74900328615 /* Info.plist */,
				6718694E259DE74900328615 /* UI_92.xcdatamodeld */,
				67186949259DE74900328615 /* Preview Content */,
			);
			path = "UI-92";
			sourceTree = "<group>";
		};
		67186949259DE74900328615 /* Preview Content */ = {
			isa = PBXGroup;
			children = (
				6718694A259DE74900328615 /* Preview Assets.xcassets */,
			);
			path = "Preview Content";
			sourceTree = "<group>";
		};
		67186959259DE74900328615 /* UI-92Tests */ = {
			isa = PBXGroup;
			children = (
				6718695A259DE74900328615 /* UI_92Tests.swift */,
				6718695C259DE74900328615 /* Info.plist */,
			);
			path = "UI-92Tests";
			sourceTree = "<group>";
		};
		67186964259DE74900328615 /* UI-92UITests */ = {
			isa = PBXGroup;
			children = (
				67186965259DE74900328615 /* UI_92UITests.swift */,
				67186967259DE74900328615 /* Info.plist */,
			);
			path = "UI-92UITests";
			sourceTree = "<group>";
		};
		67186976259DE81B00328615 /* View */ = {
			isa = PBXGroup;
			children = (
				67186980259DE88700328615 /* Home.swift */,
				67186988259DE8CF00328615 /* NewDataView.swift */,
				67186990259DEAEA00328615 /* DataButton.swift */,
			);
			path = View;
			sourceTree = "<group>";
		};
		67186977259DE82300328615 /* Model */ = {
			isa = PBXGroup;
			children = (
				67186998259DEE7A00328615 /* HomeViewModel.swift */,
			);
			path = Model;
			sourceTree = "<group>";
		};
/* End PBXGroup section */

/* Begin PBXNativeTarget section */
		6718693F259DE74600328615 /* UI-92 */ = {
			isa = PBXNativeTarget;
			buildConfigurationList = 6718696A259DE74900328615 /* Build configuration list for PBXNativeTarget "UI-92" */;
			buildPhases = (
				6718693C259DE74600328615 /* Sources */,
				6718693D259DE74600328615 /* Frameworks */,
				6718693E259DE74600328615 /* Resources */,
			);
			buildRules = (
			);
			dependencies = (
			);
			name = "UI-92";
			productName = "UI-92";
			productReference = 67186940259DE74600328615 /* UI-92.app */;
			productType = "com.apple.product-type.application";
		};
		67186955259DE74900328615 /* UI-92Tests */ = {
			isa = PBXNativeTarget;
			buildConfigurationList = 6718696D259DE74900328615 /* Build configuration list for PBXNativeTarget "UI-92Tests" */;
			buildPhases = (
				67186952259DE74900328615 /* Sources */,
				67186953259DE74900328615 /* Frameworks */,
				67186954259DE74900328615 /* Resources */,
			);
			buildRules = (
			);
			dependencies = (
				67186958259DE74900328615 /* PBXTargetDependency */,
			);
			name = "UI-92Tests";
			productName = "UI-92Tests";
			productReference = 67186956259DE74900328615 /* UI-92Tests.xctest */;
			productType = "com.apple.product-type.bundle.unit-test";
		};
		67186960259DE74900328615 /* UI-92UITests */ = {
			isa = PBXNativeTarget;
			buildConfigurationList = 67186970259DE74900328615 /* Build configuration list for PBXNativeTarget "UI-92UITests" */;
			buildPhases = (
				6718695D259DE74900328615 /* Sources */,
				6718695E259DE74900328615 /* Frameworks */,
				6718695F259DE74900328615 /* Resources */,
			);
			buildRules = (
			);
			dependencies = (
				67186963259DE74900328615 /* PBXTargetDependency */,
			);
			name = "UI-92UITests";
			productName = "UI-92UITests";
			productReference = 67186961259DE74900328615 /* UI-92UITests.xctest */;
			productType = "com.apple.product-type.bundle.ui-testing";
		};
/* End PBXNativeTarget section */

/* Begin PBXProject section */
		67186938259DE74600328615 /* Project object */ = {
			isa = PBXProject;
			attributes = {
				LastSwiftUpdateCheck = 1230;
				LastUpgradeCheck = 1230;
				TargetAttributes = {
					6718693F259DE74600328615 = {
						CreatedOnToolsVersion = 12.3;
					};
					67186955259DE74900328615 = {
						CreatedOnToolsVersion = 12.3;
						TestTargetID = 6718693F259DE74600328615;
					};
					67186960259DE74900328615 = {
						CreatedOnToolsVersion = 12.3;
						TestTargetID = 6718693F259DE74600328615;
					};
				};
			};
			buildConfigurationList = 6718693B259DE74600328615 /* Build configuration list for PBXProject "UI-92" */;
			compatibilityVersion = "Xcode 9.3";
			developmentRegion = en;
			hasScannedForEncodings = 0;
			knownRegions = (
				en,
				Base,
			);
			mainGroup = 67186937259DE74600328615;
			productRefGroup = 67186941259DE74600328615 /* Products */;
			projectDirPath = "";
			projectRoot = "";
			targets = (
				6718693F259DE74600328615 /* UI-92 */,
				67186955259DE74900328615 /* UI-92Tests */,
				67186960259DE74900328615 /* UI-92UITests */,
			);
		};
/* End PBXProject section */

/* Begin PBXResourcesBuildPhase section */
		6718693E259DE74600328615 /* Resources */ = {
			isa = PBXResourcesBuildPhase;
			buildActionMask = 2147483647;
			files = (
				6718694B259DE74900328615 /* Preview Assets.xcassets in Resources */,
				67186948259DE74900328615 /* Assets.xcassets in Resources */,
			);
			runOnlyForDeploymentPostprocessing = 0;
		};
		67186954259DE74900328615 /* Resources */ = {
			isa = PBXResourcesBuildPhase;
			buildActionMask = 2147483647;
			files = (
			);
			runOnlyForDeploymentPostprocessing = 0;
		};
		6718695F259DE74900328615 /* Resources */ = {
			isa = PBXResourcesBuildPhase;
			buildActionMask = 2147483647;
			files = (
			);
			runOnlyForDeploymentPostprocessing = 0;
		};
/* End PBXResourcesBuildPhase section */

/* Begin PBXSourcesBuildPhase section */
		6718693C259DE74600328615 /* Sources */ = {
			isa = PBXSourcesBuildPhase;
			buildActionMask = 2147483647;
			files = (
				6718694D259DE74900328615 /* Persistence.swift in Sources */,
				67186991259DEAEA00328615 /* DataButton.swift in Sources */,
				67186946259DE74600328615 /* ContentView.swift in Sources */,
				67186999259DEE7A00328615 /* HomeViewModel.swift in Sources */,
				67186950259DE74900328615 /* UI_92.xcdatamodeld in Sources */,
				67186981259DE88700328615 /* Home.swift in Sources */,
				67186944259DE74600328615 /* UI_92App.swift in Sources */,
				67186989259DE8CF00328615 /* NewDataView.swift in Sources */,
			);
			runOnlyForDeploymentPostprocessing = 0;
		};
		67186952259DE74900328615 /* Sources */ = {
			isa = PBXSourcesBuildPhase;
			buildActionMask = 2147483647;
			files = (
				6718695B259DE74900328615 /* UI_92Tests.swift in Sources */,
			);
			runOnlyForDeploymentPostprocessing = 0;
		};
		6718695D259DE74900328615 /* Sources */ = {
			isa = PBXSourcesBuildPhase;
			buildActionMask = 2147483647;
			files = (
				67186966259DE74900328615 /* UI_92UITests.swift in Sources */,
			);
			runOnlyForDeploymentPostprocessing = 0;
		};
/* End PBXSourcesBuildPhase section */

/* Begin PBXTargetDependency section */
		67186958259DE74900328615 /* PBXTargetDependency */ = {
			isa = PBXTargetDependency;
			target = 6718693F259DE74600328615 /* UI-92 */;
			targetProxy = 67186957259DE74900328615 /* PBXContainerItemProxy */;
		};
		67186963259DE74900328615 /* PBXTargetDependency */ = {
			isa = PBXTargetDependency;
			target = 6718693F259DE74600328615 /* UI-92 */;
			targetProxy = 67186962259DE74900328615 /* PBXContainerItemProxy */;
		};
/* End PBXTargetDependency section */

/* Begin XCBuildConfiguration section */
		67186968259DE74900328615 /* Debug */ = {
			isa = XCBuildConfiguration;
			buildSettings = {
				ALWAYS_SEARCH_USER_PATHS = NO;
				CLANG_ANALYZER_NONNULL = YES;
				CLANG_ANALYZER_NUMBER_OBJECT_CONVERSION = YES_AGGRESSIVE;
				CLANG_CXX_LANGUAGE_STANDARD = "gnu++14";
				CLANG_CXX_LIBRARY = "libc++";
				CLANG_ENABLE_MODULES = YES;
				CLANG_ENABLE_OBJC_ARC = YES;
				CLANG_ENABLE_OBJC_WEAK = YES;
				CLANG_WARN_BLOCK_CAPTURE_AUTORELEASING = YES;
				CLANG_WARN_BOOL_CONVERSION = YES;
				CLANG_WARN_COMMA = YES;
				CLANG_WARN_CONSTANT_CONVERSION = YES;
				CLANG_WARN_DEPRECATED_OBJC_IMPLEMENTATIONS = YES;
				CLANG_WARN_DIRECT_OBJC_ISA_USAGE = YES_ERROR;
				CLANG_WARN_DOCUMENTATION_COMMENTS = YES;
				CLANG_WARN_EMPTY_BODY = YES;
				CLANG_WARN_ENUM_CONVERSION = YES;
				CLANG_WARN_INFINITE_RECURSION = YES;
				CLANG_WARN_INT_CONVERSION = YES;
				CLANG_WARN_NON_LITERAL_NULL_CONVERSION = YES;
				CLANG_WARN_OBJC_IMPLICIT_RETAIN_SELF = YES;
				CLANG_WARN_OBJC_LITERAL_CONVERSION = YES;
				CLANG_WARN_OBJC_ROOT_CLASS = YES_ERROR;
				CLANG_WARN_QUOTED_INCLUDE_IN_FRAMEWORK_HEADER = YES;
				CLANG_WARN_RANGE_LOOP_ANALYSIS = YES;
				CLANG_WARN_STRICT_PROTOTYPES = YES;
				CLANG_WARN_SUSPICIOUS_MOVE = YES;
				CLANG_WARN_UNGUARDED_AVAILABILITY = YES_AGGRESSIVE;
				CLANG_WARN_UNREACHABLE_CODE = YES;
				CLANG_WARN__DUPLICATE_METHOD_MATCH = YES;
				COPY_PHASE_STRIP = NO;
				DEBUG_INFORMATION_FORMAT = dwarf;
				ENABLE_STRICT_OBJC_MSGSEND = YES;
				ENABLE_TESTABILITY = YES;
				GCC_C_LANGUAGE_STANDARD = gnu11;
				GCC_DYNAMIC_NO_PIC = NO;
				GCC_NO_COMMON_BLOCKS = YES;
				GCC_OPTIMIZATION_LEVEL = 0;
				GCC_PREPROCESSOR_DEFINITIONS = (
					"DEBUG=1",
					"$(inherited)",
				);
				GCC_WARN_64_TO_32_BIT_CONVERSION = YES;
				GCC_WARN_ABOUT_RETURN_TYPE = YES_ERROR;
				GCC_WARN_UNDECLARED_SELECTOR = YES;
				GCC_WARN_UNINITIALIZED_AUTOS = YES_AGGRESSIVE;
				GCC_WARN_UNUSED_FUNCTION = YES;
				GCC_WARN_UNUSED_VARIABLE = YES;
				IPHONEOS_DEPLOYMENT_TARGET = 14.3;
				MTL_ENABLE_DEBUG_INFO = INCLUDE_SOURCE;
				MTL_FAST_MATH = YES;
				ONLY_ACTIVE_ARCH = YES;
				SDKROOT = iphoneos;
				SWIFT_ACTIVE_COMPILATION_CONDITIONS = DEBUG;
				SWIFT_OPTIMIZATION_LEVEL = "-Onone";
			};
			name = Debug;
		};
		67186969259DE74900328615 /* Release */ = {
			isa = XCBuildConfiguration;
			buildSettings = {
				ALWAYS_SEARCH_USER_PATHS = NO;
				CLANG_ANALYZER_NONNULL = YES;
				CLANG_ANALYZER_NUMBER_OBJECT_CONVERSION = YES_AGGRESSIVE;
				CLANG_CXX_LANGUAGE_STANDARD = "gnu++14";
				CLANG_CXX_LIBRARY = "libc++";
				CLANG_ENABLE_MODULES = YES;
				CLANG_ENABLE_OBJC_ARC = YES;
				CLANG_ENABLE_OBJC_WEAK = YES;
				CLANG_WARN_BLOCK_CAPTURE_AUTORELEASING = YES;
				CLANG_WARN_BOOL_CONVERSION = YES;
				CLANG_WARN_COMMA = YES;
				CLANG_WARN_CONSTANT_CONVERSION = YES;
				CLANG_WARN_DEPRECATED_OBJC_IMPLEMENTATIONS = YES;
				CLANG_WARN_DIRECT_OBJC_ISA_USAGE = YES_ERROR;
				CLANG_WARN_DOCUMENTATION_COMMENTS = YES;
				CLANG_WARN_EMPTY_BODY = YES;
				CLANG_WARN_ENUM_CONVERSION = YES;
				CLANG_WARN_INFINITE_RECURSION = YES;
				CLANG_WARN_INT_CONVERSION = YES;
				CLANG_WARN_NON_LITERAL_NULL_CONVERSION = YES;
				CLANG_WARN_OBJC_IMPLICIT_RETAIN_SELF = YES;
				CLANG_WARN_OBJC_LITERAL_CONVERSION = YES;
				CLANG_WARN_OBJC_ROOT_CLASS = YES_ERROR;
				CLANG_WARN_QUOTED_INCLUDE_IN_FRAMEWORK_HEADER = YES;
				CLANG_WARN_RANGE_LOOP_ANALYSIS = YES;
				CLANG_WARN_STRICT_PROTOTYPES = YES;
				CLANG_WARN_SUSPICIOUS_MOVE = YES;
				CLANG_WARN_UNGUARDED_AVAILABILITY = YES_AGGRESSIVE;
				CLANG_WARN_UNREACHABLE_CODE = YES;
				CLANG_WARN__DUPLICATE_METHOD_MATCH = YES;
				COPY_PHASE_STRIP = NO;
				DEBUG_INFORMATION_FORMAT = "dwarf-with-dsym";
				ENABLE_NS_ASSERTIONS = NO;
				ENABLE_STRICT_OBJC_MSGSEND = YES;
				GCC_C_LANGUAGE_STANDARD = gnu11;
				GCC_NO_COMMON_BLOCKS = YES;
				GCC_WARN_64_TO_32_BIT_CONVERSION = YES;
				GCC_WARN_ABOUT_RETURN_TYPE = YES_ERROR;
				GCC_WARN_UNDECLARED_SELECTOR = YES;
				GCC_WARN_UNINITIALIZED_AUTOS = YES_AGGRESSIVE;
				GCC_WARN_UNUSED_FUNCTION = YES;
				GCC_WARN_UNUSED_VARIABLE = YES;
				IPHONEOS_DEPLOYMENT_TARGET = 14.3;
				MTL_ENABLE_DEBUG_INFO = NO;
				MTL_FAST_MATH = YES;
				SDKROOT = iphoneos;
				SWIFT_COMPILATION_MODE = wholemodule;
				SWIFT_OPTIMIZATION_LEVEL = "-O";
				VALIDATE_PRODUCT = YES;
			};
			name = Release;
		};
		6718696B259DE74900328615 /* Debug */ = {
			isa = XCBuildConfiguration;
			buildSettings = {
				ASSETCATALOG_COMPILER_APPICON_NAME = AppIcon;
				ASSETCATALOG_COMPILER_GLOBAL_ACCENT_COLOR_NAME = AccentColor;
				CODE_SIGN_STYLE = Automatic;
				DEVELOPMENT_ASSET_PATHS = "\"UI-92/Preview Content\"";
				ENABLE_PREVIEWS = YES;
				INFOPLIST_FILE = "UI-92/Info.plist";
				IPHONEOS_DEPLOYMENT_TARGET = 14.0;
				LD_RUNPATH_SEARCH_PATHS = (
					"$(inherited)",
					"@executable_path/Frameworks",
				);
				PRODUCT_BUNDLE_IDENTIFIER = "com.uzu.UI-92";
				PRODUCT_NAME = "$(TARGET_NAME)";
				SWIFT_VERSION = 5.0;
				TARGETED_DEVICE_FAMILY = "1,2";
			};
			name = Debug;
		};
		6718696C259DE74900328615 /* Release */ = {
			isa = XCBuildConfiguration;
			buildSettings = {
				ASSETCATALOG_COMPILER_APPICON_NAME = AppIcon;
				ASSETCATALOG_COMPILER_GLOBAL_ACCENT_COLOR_NAME = AccentColor;
				CODE_SIGN_STYLE = Automatic;
				DEVELOPMENT_ASSET_PATHS = "\"UI-92/Preview Content\"";
				ENABLE_PREVIEWS = YES;
				INFOPLIST_FILE = "UI-92/Info.plist";
				IPHONEOS_DEPLOYMENT_TARGET = 14.0;
				LD_RUNPATH_SEARCH_PATHS = (
					"$(inherited)",
					"@executable_path/Frameworks",
				);
				PRODUCT_BUNDLE_IDENTIFIER = "com.uzu.UI-92";
				PRODUCT_NAME = "$(TARGET_NAME)";
				SWIFT_VERSION = 5.0;
				TARGETED_DEVICE_FAMILY = "1,2";
			};
			name = Release;
		};
		6718696E259DE74900328615 /* Debug */ = {
			isa = XCBuildConfiguration;
			buildSettings = {
				ALWAYS_EMBED_SWIFT_STANDARD_LIBRARIES = YES;
				BUNDLE_LOADER = "$(TEST_HOST)";
				CODE_SIGN_STYLE = Automatic;
				INFOPLIST_FILE = "UI-92Tests/Info.plist";
				IPHONEOS_DEPLOYMENT_TARGET = 14.0;
				LD_RUNPATH_SEARCH_PATHS = (
					"$(inherited)",
					"@executable_path/Frameworks",
					"@loader_path/Frameworks",
				);
				PRODUCT_BUNDLE_IDENTIFIER = "com.uzu.UI-92Tests";
				PRODUCT_NAME = "$(TARGET_NAME)";
				SWIFT_VERSION = 5.0;
				TARGETED_DEVICE_FAMILY = "1,2";
				TEST_HOST = "$(BUILT_PRODUCTS_DIR)/UI-92.app/UI-92";
			};
			name = Debug;
		};
		6718696F259DE74900328615 /* Release */ = {
			isa = XCBuildConfiguration;
			buildSettings = {
				ALWAYS_EMBED_SWIFT_STANDARD_LIBRARIES = YES;
				BUNDLE_LOADER = "$(TEST_HOST)";
				CODE_SIGN_STYLE = Automatic;
				INFOPLIST_FILE = "UI-92Tests/Info.plist";
				IPHONEOS_DEPLOYMENT_TARGET = 14.0;
				LD_RUNPATH_SEARCH_PATHS = (
					"$(inherited)",
					"@executable_path/Frameworks",
					"@loader_path/Frameworks",
				);
				PRODUCT_BUNDLE_IDENTIFIER = "com.uzu.UI-92Tests";
				PRODUCT_NAME = "$(TARGET_NAME)";
				SWIFT_VERSION = 5.0;
				TARGETED_DEVICE_FAMILY = "1,2";
				TEST_HOST = "$(BUILT_PRODUCTS_DIR)/UI-92.app/UI-92";
			};
			name = Release;
		};
		67186971259DE74900328615 /* Debug */ = {
			isa = XCBuildConfiguration;
			buildSettings = {
				ALWAYS_EMBED_SWIFT_STANDARD_LIBRARIES = YES;
				CODE_SIGN_STYLE = Automatic;
				INFOPLIST_FILE = "UI-92UITests/Info.plist";
				LD_RUNPATH_SEARCH_PATHS = (
					"$(inherited)",
					"@executable_path/Frameworks",
					"@loader_path/Frameworks",
				);
				PRODUCT_BUNDLE_IDENTIFIER = "com.uzu.UI-92UITests";
				PRODUCT_NAME = "$(TARGET_NAME)";
				SWIFT_VERSION = 5.0;
				TARGETED_DEVICE_FAMILY = "1,2";
				TEST_TARGET_NAME = "UI-92";
			};
			name = Debug;
		};
		67186972259DE74900328615 /* Release */ = {
			isa = XCBuildConfiguration;
			buildSettings = {
				ALWAYS_EMBED_SWIFT_STANDARD_LIBRARIES = YES;
				CODE_SIGN_STYLE = Automatic;
				INFOPLIST_FILE = "UI-92UITests/Info.plist";
				LD_RUNPATH_SEARCH_PATHS = (
					"$(inherited)",
					"@executable_path/Frameworks",
					"@loader_path/Frameworks",
				);
				PRODUCT_BUNDLE_IDENTIFIER = "com.uzu.UI-92UITests";
				PRODUCT_NAME = "$(TARGET_NAME)";
				SWIFT_VERSION = 5.0;
				TARGETED_DEVICE_FAMILY = "1,2";
				TEST_TARGET_NAME = "UI-92";
			};
			name = Release;
		};
/* End XCBuildConfiguration section */

/* Begin XCConfigurationList section */
		6718693B259DE74600328615 /* Build configuration list for PBXProject "UI-92" */ = {
			isa = XCConfigurationList;
			buildConfigurations = (
				67186968259DE74900328615 /* Debug */,
				67186969259DE74900328615 /* Release */,
			);
			defaultConfigurationIsVisible = 0;
			defaultConfigurationName = Release;
		};
		6718696A259DE74900328615 /* Build configuration list for PBXNativeTarget "UI-92" */ = {
			isa = XCConfigurationList;
			buildConfigurations = (
				6718696B259DE74900328615 /* Debug */,
				6718696C259DE74900328615 /* Release */,
			);
			defaultConfigurationIsVisible = 0;
			defaultConfigurationName = Release;
		};
		6718696D259DE74900328615 /* Build configuration list for PBXNativeTarget "UI-92Tests" */ = {
			isa = XCConfigurationList;
			buildConfigurations = (
				6718696E259DE74900328615 /* Debug */,
				6718696F259DE74900328615 /* Release */,
			);
			defaultConfigurationIsVisible = 0;
			defaultConfigurationName = Release;
		};
		67186970259DE74900328615 /* Build configuration list for PBXNativeTarget "UI-92UITests" */ = {
			isa = XCConfigurationList;
			buildConfigurations = (
				67186971259DE74900328615 /* Debug */,
				67186972259DE74900328615 /* Release */,
			);
			defaultConfigurationIsVisible = 0;
			defaultConfigurationName = Release;
		};
/* End XCConfigurationList section */

/* Begin XCVersionGroup section */
		6718694E259DE74900328615 /* UI_92.xcdatamodeld */ = {
			isa = XCVersionGroup;
			children = (
				6718694F259DE74900328615 /* UI_92.xcdatamodel */,
			);
			currentVersion = 6718694F259DE74900328615 /* UI_92.xcdatamodel */;
			path = UI_92.xcdatamodeld;
			sourceTree = "<group>";
			versionGroupType = wrapper.xcdatamodel;
		};
/* End XCVersionGroup section */
	};
	rootObject = 67186938259DE74600328615 /* Project object */;
}
